
Microsoft Visual Studio Solution File, Format Version 12.00
# Visual Studio Version 17
VisualStudioVersion = 17.5.33516.290
MinimumVisualStudioVersion = 10.0.40219.1
Project("{FAE04EC0-301F-11D3-BF4B-00C04F79EFBC}") = "FizzBuzzApp", "FizzBuzzApp\FizzBuzzApp.csproj", "{819A52BA-1DED-4BA7-B914-1B86D46B5403}"
EndProject
Project("{FAE04EC0-301F-11D3-BF4B-00C04F79EFBC}") = "FizzBuzzShould", "FizzBuzzTest\FizzBuzzShould.csproj", "{2CEB82F5-7B91-43C6-9CF1-033A113DFF28}"
EndProject
Project("{FAE04EC0-301F-11D3-BF4B-00C04F79EFBC}") = "StringCalc", "StringCalc\StringCalc.csproj", "{8F9948E9-C9E4-4B6E-BE79-759C0DCF6FB4}"
EndProject
Project("{FAE04EC0-301F-11D3-BF4B-00C04F79EFBC}") = "StringCalcTest", "StringCalcTest\StringCalcTest.csproj", "{C4968910-0B01-450B-9B68-0CD0B0CD0BCF}"
EndProject
Global
	GlobalSection(SolutionConfigurationPlatforms) = preSolution
		Debug|Any CPU = Debug|Any CPU
		Release|Any CPU = Release|Any CPU
	EndGlobalSection
	GlobalSection(ProjectConfigurationPlatforms) = postSolution
		{819A52BA-1DED-4BA7-B914-1B86D46B5403}.Debug|Any CPU.ActiveCfg = Debug|Any CPU
		{819A52BA-1DED-4BA7-B914-1B86D46B5403}.Debug|Any CPU.Build.0 = Debug|Any CPU
		{819A52BA-1DED-4BA7-B914-1B86D46B5403}.Release|Any CPU.ActiveCfg = Release|Any CPU
		{819A52BA-1DED-4BA7-B914-1B86D46B5403}.Release|Any CPU.Build.0 = Release|Any CPU
		{2CEB82F5-7B91-43C6-9CF1-033A113DFF28}.Debug|Any CPU.ActiveCfg = Debug|Any CPU
		{2CEB82F5-7B91-43C6-9CF1-033A113DFF28}.Debug|Any CPU.Build.0 = Debug|Any CPU
		{2CEB82F5-7B91-43C6-9CF1-033A113DFF28}.Release|Any CPU.ActiveCfg = Release|Any CPU
		{2CEB82F5-7B91-43C6-9CF1-033A113DFF28}.Release|Any CPU.Build.0 = Release|Any CPU
		{8F9948E9-C9E4-4B6E-BE79-759C0DCF6FB4}.Debug|Any CPU.ActiveCfg = Debug|Any CPU
		{8F9948E9-C9E4-4B6E-BE79-759C0DCF6FB4}.Debug|Any CPU.Build.0 = Debug|Any CPU
		{8F9948E9-C9E4-4B6E-BE79-759C0DCF6FB4}.Release|Any CPU.ActiveCfg = Release|Any CPU
		{8F9948E9-C9E4-4B6E-BE79-759C0DCF6FB4}.Release|Any CPU.Build.0 = Release|Any CPU
		{C4968910-0B01-450B-9B68-0CD0B0CD0BCF}.Debug|Any CPU.ActiveCfg = Debug|Any CPU
		{C4968910-0B01-450B-9B68-0CD0B0CD0BCF}.Debug|Any CPU.Build.0 = Debug|Any CPU
		{C4968910-0B01-450B-9B68-0CD0B0CD0BCF}.Release|Any CPU.ActiveCfg = Release|Any CPU
		{C4968910-0B01-450B-9B68-0CD0B0CD0BCF}.Release|Any CPU.Build.0 = Release|Any CPU
	EndGlobalSection
	GlobalSection(SolutionProperties) = preSolution
		HideSolutionNode = FALSE
	EndGlobalSection
	GlobalSection(ExtensibilityGlobals) = postSolution
		SolutionGuid = {5A144B30-7D33-496E-B460-7348BC407CE3}
	EndGlobalSection
EndGlobal
